
Microsoft Visual Studio Solution File, Format Version 12.00
# Visual Studio 14
VisualStudioVersion = 14.0.25420.1
MinimumVisualStudioVersion = 10.0.40219.1
Project("{FAE04EC0-301F-11D3-BF4B-00C04F79EFBC}") = "AimlBotUI", "AimlBotUI\AimlBotUI.csproj", "{E429C5AE-F4FB-456D-B790-743ADD166AA4}"
EndProject
Project("{FAE04EC0-301F-11D3-BF4B-00C04F79EFBC}") = "AimlBot.BusinessLogic", "BusinessLogic\AimlBot.BusinessLogic.csproj", "{0971AC43-48E2-41E0-84C4-677FCDFC455D}"
EndProject
Project("{FAE04EC0-301F-11D3-BF4B-00C04F79EFBC}") = "AimlBot.Web", "AimlBotWeb\AimlBot.Web.csproj", "{A17A7496-46DB-4D1C-A00F-FB8E9A78A4BC}"
EndProject
Project("{FAE04EC0-301F-11D3-BF4B-00C04F79EFBC}") = "AimlBot.BotConnector", "TestBotConnection\AimlBot.BotConnector.csproj", "{28968557-261A-4EC5-8D55-59BBEE253397}"
EndProject
Project("{FAE04EC0-301F-11D3-BF4B-00C04F79EFBC}") = "AIMLBot.Core", "AIMLbot\AIMLBot.Core.csproj", "{9C87D82C-0E27-4995-A2CB-72BCB84EF2E2}"
EndProject
Project("{FAE04EC0-301F-11D3-BF4B-00C04F79EFBC}") = "AimlBot.Yandex.Speller.Api", "Yandex.Speller.Api\AimlBot.Yandex.Speller.Api.csproj", "{459F6A84-441D-4327-8A7B-1A1989AA02D5}"
EndProject
Global
	GlobalSection(SolutionConfigurationPlatforms) = preSolution
		Debug|Any CPU = Debug|Any CPU
		Release|Any CPU = Release|Any CPU
	EndGlobalSection
	GlobalSection(ProjectConfigurationPlatforms) = postSolution
		{E429C5AE-F4FB-456D-B790-743ADD166AA4}.Debug|Any CPU.ActiveCfg = Debug|Any CPU
		{E429C5AE-F4FB-456D-B790-743ADD166AA4}.Debug|Any CPU.Build.0 = Debug|Any CPU
		{E429C5AE-F4FB-456D-B790-743ADD166AA4}.Release|Any CPU.ActiveCfg = Release|Any CPU
		{E429C5AE-F4FB-456D-B790-743ADD166AA4}.Release|Any CPU.Build.0 = Release|Any CPU
		{0971AC43-48E2-41E0-84C4-677FCDFC455D}.Debug|Any CPU.ActiveCfg = Debug|Any CPU
		{0971AC43-48E2-41E0-84C4-677FCDFC455D}.Debug|Any CPU.Build.0 = Debug|Any CPU
		{0971AC43-48E2-41E0-84C4-677FCDFC455D}.Release|Any CPU.ActiveCfg = Release|Any CPU
		{0971AC43-48E2-41E0-84C4-677FCDFC455D}.Release|Any CPU.Build.0 = Release|Any CPU
		{A17A7496-46DB-4D1C-A00F-FB8E9A78A4BC}.Debug|Any CPU.ActiveCfg = Debug|Any CPU
		{A17A7496-46DB-4D1C-A00F-FB8E9A78A4BC}.Debug|Any CPU.Build.0 = Debug|Any CPU
		{A17A7496-46DB-4D1C-A00F-FB8E9A78A4BC}.Release|Any CPU.ActiveCfg = Release|Any CPU
		{A17A7496-46DB-4D1C-A00F-FB8E9A78A4BC}.Release|Any CPU.Build.0 = Release|Any CPU
		{28968557-261A-4EC5-8D55-59BBEE253397}.Debug|Any CPU.ActiveCfg = Debug|Any CPU
		{28968557-261A-4EC5-8D55-59BBEE253397}.Debug|Any CPU.Build.0 = Debug|Any CPU
		{28968557-261A-4EC5-8D55-59BBEE253397}.Release|Any CPU.ActiveCfg = Release|Any CPU
		{28968557-261A-4EC5-8D55-59BBEE253397}.Release|Any CPU.Build.0 = Release|Any CPU
		{9C87D82C-0E27-4995-A2CB-72BCB84EF2E2}.Debug|Any CPU.ActiveCfg = Debug|Any CPU
		{9C87D82C-0E27-4995-A2CB-72BCB84EF2E2}.Debug|Any CPU.Build.0 = Debug|Any CPU
		{9C87D82C-0E27-4995-A2CB-72BCB84EF2E2}.Release|Any CPU.ActiveCfg = Release|Any CPU
		{9C87D82C-0E27-4995-A2CB-72BCB84EF2E2}.Release|Any CPU.Build.0 = Release|Any CPU
		{459F6A84-441D-4327-8A7B-1A1989AA02D5}.Debug|Any CPU.ActiveCfg = Debug|Any CPU
		{459F6A84-441D-4327-8A7B-1A1989AA02D5}.Debug|Any CPU.Build.0 = Debug|Any CPU
		{459F6A84-441D-4327-8A7B-1A1989AA02D5}.Release|Any CPU.ActiveCfg = Release|Any CPU
		{459F6A84-441D-4327-8A7B-1A1989AA02D5}.Release|Any CPU.Build.0 = Release|Any CPU
	EndGlobalSection
	GlobalSection(SolutionProperties) = preSolution
		HideSolutionNode = FALSE
	EndGlobalSection
EndGlobal
